// !$*UTF8*$!
{
	archiveVersion = 1;
	classes = {
	};
	objectVersion = 50;
	objects = {

/* Begin PBXBuildFile section */
		C827066D2567F715001D5420 /* CookingRecipeApp.swift in Sources */ = {isa = PBXBuildFile; fileRef = C827066C2567F715001D5420 /* CookingRecipeApp.swift */; };
		C827066F2567F715001D5420 /* ContentView.swift in Sources */ = {isa = PBXBuildFile; fileRef = C827066E2567F715001D5420 /* ContentView.swift */; };
		C82706712567F716001D5420 /* Assets.xcassets in Resources */ = {isa = PBXBuildFile; fileRef = C82706702567F716001D5420 /* Assets.xcassets */; };
		C82706742567F716001D5420 /* Preview Assets.xcassets in Resources */ = {isa = PBXBuildFile; fileRef = C82706732567F716001D5420 /* Preview Assets.xcassets */; };
		C827067F2567F716001D5420 /* CookingRecipeTests.swift in Sources */ = {isa = PBXBuildFile; fileRef = C827067E2567F716001D5420 /* CookingRecipeTests.swift */; };
		C827068A2567F717001D5420 /* CookingRecipeUITests.swift in Sources */ = {isa = PBXBuildFile; fileRef = C82706892567F717001D5420 /* CookingRecipeUITests.swift */; };
		C849729825709C7D00581BD9 /* SnapCarousel.swift in Sources */ = {isa = PBXBuildFile; fileRef = C849729725709C7D00581BD9 /* SnapCarousel.swift */; };
		C84972A32570A05400581BD9 /* DirectionsCarousel.swift in Sources */ = {isa = PBXBuildFile; fileRef = C84972A22570A05400581BD9 /* DirectionsCarousel.swift */; };
		C84972A92572886500581BD9 /* UserData.swift in Sources */ = {isa = PBXBuildFile; fileRef = C84972A82572886500581BD9 /* UserData.swift */; };
		C8648AA6256B91F1002EC8F2 /* RecipeDetail.swift in Sources */ = {isa = PBXBuildFile; fileRef = C8648AA5256B91F1002EC8F2 /* RecipeDetail.swift */; };
		C8648AB1256B9412002EC8F2 /* DirectionsList.swift in Sources */ = {isa = PBXBuildFile; fileRef = C8648AB0256B9412002EC8F2 /* DirectionsList.swift */; };
		C8648ABF256D3582002EC8F2 /* DataRecipe.swift in Sources */ = {isa = PBXBuildFile; fileRef = C8648ABE256D3582002EC8F2 /* DataRecipe.swift */; };
		C8648AC4256D35A9002EC8F2 /* Recipe.swift in Sources */ = {isa = PBXBuildFile; fileRef = C8648AC3256D35A9002EC8F2 /* Recipe.swift */; };
		C8648ACA256D376C002EC8F2 /* recipeData.json in Resources */ = {isa = PBXBuildFile; fileRef = C8648AC9256D376C002EC8F2 /* recipeData.json */; };
		C8F0CD03256E18A000695D33 /* Helper.swift in Sources */ = {isa = PBXBuildFile; fileRef = C8F0CD02256E18A000695D33 /* Helper.swift */; };
/* End PBXBuildFile section */

/* Begin PBXContainerItemProxy section */
		C827067B2567F716001D5420 /* PBXContainerItemProxy */ = {
			isa = PBXContainerItemProxy;
			containerPortal = C82706612567F715001D5420 /* Project object */;
			proxyType = 1;
			remoteGlobalIDString = C82706682567F715001D5420;
			remoteInfo = CookingRecipe;
		};
		C82706862567F717001D5420 /* PBXContainerItemProxy */ = {
			isa = PBXContainerItemProxy;
			containerPortal = C82706612567F715001D5420 /* Project object */;
			proxyType = 1;
			remoteGlobalIDString = C82706682567F715001D5420;
			remoteInfo = CookingRecipe;
		};
/* End PBXContainerItemProxy section */

/* Begin PBXFileReference section */
		C82706692567F715001D5420 /* CookingRecipe.app */ = {isa = PBXFileReference; explicitFileType = wrapper.application; includeInIndex = 0; path = CookingRecipe.app; sourceTree = BUILT_PRODUCTS_DIR; };
		C827066C2567F715001D5420 /* CookingRecipeApp.swift */ = {isa = PBXFileReference; lastKnownFileType = sourcecode.swift; path = CookingRecipeApp.swift; sourceTree = "<group>"; };
		C827066E2567F715001D5420 /* ContentView.swift */ = {isa = PBXFileReference; lastKnownFileType = sourcecode.swift; path = ContentView.swift; sourceTree = "<group>"; };
		C82706702567F716001D5420 /* Assets.xcassets */ = {isa = PBXFileReference; lastKnownFileType = folder.assetcatalog; path = Assets.xcassets; sourceTree = "<group>"; };
		C82706732567F716001D5420 /* Preview Assets.xcassets */ = {isa = PBXFileReference; lastKnownFileType = folder.assetcatalog; path = "Preview Assets.xcassets"; sourceTree = "<group>"; };
		C82706752567F716001D5420 /* Info.plist */ = {isa = PBXFileReference; lastKnownFileType = text.plist.xml; path = Info.plist; sourceTree = "<group>"; };
		C827067A2567F716001D5420 /* CookingRecipeTests.xctest */ = {isa = PBXFileReference; explicitFileType = wrapper.cfbundle; includeInIndex = 0; path = CookingRecipeTests.xctest; sourceTree = BUILT_PRODUCTS_DIR; };
		C827067E2567F716001D5420 /* CookingRecipeTests.swift */ = {isa = PBXFileReference; lastKnownFileType = sourcecode.swift; path = CookingRecipeTests.swift; sourceTree = "<group>"; };
		C82706802567F716001D5420 /* Info.plist */ = {isa = PBXFileReference; lastKnownFileType = text.plist.xml; path = Info.plist; sourceTree = "<group>"; };
		C82706852567F717001D5420 /* CookingRecipeUITests.xctest */ = {isa = PBXFileReference; explicitFileType = wrapper.cfbundle; includeInIndex = 0; path = CookingRecipeUITests.xctest; sourceTree = BUILT_PRODUCTS_DIR; };
		C82706892567F717001D5420 /* CookingRecipeUITests.swift */ = {isa = PBXFileReference; lastKnownFileType = sourcecode.swift; path = CookingRecipeUITests.swift; sourceTree = "<group>"; };
		C827068B2567F717001D5420 /* Info.plist */ = {isa = PBXFileReference; lastKnownFileType = text.plist.xml; path = Info.plist; sourceTree = "<group>"; };
		C849729725709C7D00581BD9 /* SnapCarousel.swift */ = {isa = PBXFileReference; lastKnownFileType = sourcecode.swift; path = SnapCarousel.swift; sourceTree = "<group>"; };
		C84972A22570A05400581BD9 /* DirectionsCarousel.swift */ = {isa = PBXFileReference; lastKnownFileType = sourcecode.swift; path = DirectionsCarousel.swift; sourceTree = "<group>"; };
		C84972A82572886500581BD9 /* UserData.swift */ = {isa = PBXFileReference; lastKnownFileType = sourcecode.swift; path = UserData.swift; sourceTree = "<group>"; };
		C8648AA5256B91F1002EC8F2 /* RecipeDetail.swift */ = {isa = PBXFileReference; lastKnownFileType = sourcecode.swift; name = RecipeDetail.swift; path = CookingRecipe/RecipeDetail.swift; sourceTree = SOURCE_ROOT; };
		C8648AB0256B9412002EC8F2 /* DirectionsList.swift */ = {isa = PBXFileReference; lastKnownFileType = sourcecode.swift; path = DirectionsList.swift; sourceTree = "<group>"; };
		C8648ABE256D3582002EC8F2 /* DataRecipe.swift */ = {isa = PBXFileReference; lastKnownFileType = sourcecode.swift; path = DataRecipe.swift; sourceTree = "<group>"; };
		C8648AC3256D35A9002EC8F2 /* Recipe.swift */ = {isa = PBXFileReference; lastKnownFileType = sourcecode.swift; path = Recipe.swift; sourceTree = "<group>"; };
		C8648AC9256D376C002EC8F2 /* recipeData.json */ = {isa = PBXFileReference; lastKnownFileType = text.json; path = recipeData.json; sourceTree = "<group>"; };
		C8F0CD02256E18A000695D33 /* Helper.swift */ = {isa = PBXFileReference; lastKnownFileType = sourcecode.swift; path = Helper.swift; sourceTree = "<group>"; };
/* End PBXFileReference section */

/* Begin PBXFrameworksBuildPhase section */
		C82706662567F715001D5420 /* Frameworks */ = {
			isa = PBXFrameworksBuildPhase;
			buildActionMask = 2147483647;
			files = (
			);
			runOnlyForDeploymentPostprocessing = 0;
		};
		C82706772567F716001D5420 /* Frameworks */ = {
			isa = PBXFrameworksBuildPhase;
			buildActionMask = 2147483647;
			files = (
			);
			runOnlyForDeploymentPostprocessing = 0;
		};
		C82706822567F717001D5420 /* Frameworks */ = {
			isa = PBXFrameworksBuildPhase;
			buildActionMask = 2147483647;
			files = (
			);
			runOnlyForDeploymentPostprocessing = 0;
		};
/* End PBXFrameworksBuildPhase section */

/* Begin PBXGroup section */
		C82706602567F715001D5420 = {
			isa = PBXGroup;
			children = (
				C84972A82572886500581BD9 /* UserData.swift */,
				C8648AC8256D373E002EC8F2 /* Resources */,
				C827066B2567F715001D5420 /* CookingRecipe */,
				C827067D2567F716001D5420 /* CookingRecipeTests */,
				C82706882567F717001D5420 /* CookingRecipeUITests */,
				C827066A2567F715001D5420 /* Products */,
			);
			sourceTree = "<group>";
		};
		C827066A2567F715001D5420 /* Products */ = {
			isa = PBXGroup;
			children = (
				C82706692567F715001D5420 /* CookingRecipe.app */,
				C827067A2567F716001D5420 /* CookingRecipeTests.xctest */,
				C82706852567F717001D5420 /* CookingRecipeUITests.xctest */,
			);
			name = Products;
			sourceTree = "<group>";
		};
		C827066B2567F715001D5420 /* CookingRecipe */ = {
			isa = PBXGroup;
			children = (
				C8648AA4256B91DB002EC8F2 /* Models */,
				C8648AA3256B9197002EC8F2 /* SupportingView */,
				C827066C2567F715001D5420 /* CookingRecipeApp.swift */,
				C8648AC9256D376C002EC8F2 /* recipeData.json */,
				C827066E2567F715001D5420 /* ContentView.swift */,
				C8648AA5256B91F1002EC8F2 /* RecipeDetail.swift */,
				C8648AB0256B9412002EC8F2 /* DirectionsList.swift */,
				C84972A22570A05400581BD9 /* DirectionsCarousel.swift */,
				C849729725709C7D00581BD9 /* SnapCarousel.swift */,
				C82706702567F716001D5420 /* Assets.xcassets */,
				C82706752567F716001D5420 /* Info.plist */,
				C82706722567F716001D5420 /* Preview Content */,
			);
			path = CookingRecipe;
			sourceTree = "<group>";
		};
		C82706722567F716001D5420 /* Preview Content */ = {
			isa = PBXGroup;
			children = (
				C82706732567F716001D5420 /* Preview Assets.xcassets */,
			);
			path = "Preview Content";
			sourceTree = "<group>";
		};
		C827067D2567F716001D5420 /* CookingRecipeTests */ = {
			isa = PBXGroup;
			children = (
				C827067E2567F716001D5420 /* CookingRecipeTests.swift */,
				C82706802567F716001D5420 /* Info.plist */,
			);
			path = CookingRecipeTests;
			sourceTree = "<group>";
		};
		C82706882567F717001D5420 /* CookingRecipeUITests */ = {
			isa = PBXGroup;
			children = (
				C82706892567F717001D5420 /* CookingRecipeUITests.swift */,
				C827068B2567F717001D5420 /* Info.plist */,
			);
			path = CookingRecipeUITests;
			sourceTree = "<group>";
		};
		C8648AA3256B9197002EC8F2 /* SupportingView */ = {
			isa = PBXGroup;
			children = (
			);
			path = SupportingView;
			sourceTree = "<group>";
		};
		C8648AA4256B91DB002EC8F2 /* Models */ = {
			isa = PBXGroup;
			children = (
				C8648ABE256D3582002EC8F2 /* DataRecipe.swift */,
				C8648AC3256D35A9002EC8F2 /* Recipe.swift */,
			);
			path = Models;
			sourceTree = "<group>";
		};
		C8648AC8256D373E002EC8F2 /* Resources */ = {
			isa = PBXGroup;
			children = (
				C8F0CD02256E18A000695D33 /* Helper.swift */,
			);
			path = Resources;
			sourceTree = "<group>";
		};
/* End PBXGroup section */

/* Begin PBXNativeTarget section */
		C82706682567F715001D5420 /* CookingRecipe */ = {
			isa = PBXNativeTarget;
			buildConfigurationList = C827068E2567F717001D5420 /* Build configuration list for PBXNativeTarget "CookingRecipe" */;
			buildPhases = (
				C82706652567F715001D5420 /* Sources */,
				C82706662567F715001D5420 /* Frameworks */,
				C82706672567F715001D5420 /* Resources */,
			);
			buildRules = (
			);
			dependencies = (
			);
			name = CookingRecipe;
			productName = CookingRecipe;
			productReference = C82706692567F715001D5420 /* CookingRecipe.app */;
			productType = "com.apple.product-type.application";
		};
		C82706792567F716001D5420 /* CookingRecipeTests */ = {
			isa = PBXNativeTarget;
			buildConfigurationList = C82706912567F717001D5420 /* Build configuration list for PBXNativeTarget "CookingRecipeTests" */;
			buildPhases = (
				C82706762567F716001D5420 /* Sources */,
				C82706772567F716001D5420 /* Frameworks */,
				C82706782567F716001D5420 /* Resources */,
			);
			buildRules = (
			);
			dependencies = (
				C827067C2567F716001D5420 /* PBXTargetDependency */,
			);
			name = CookingRecipeTests;
			productName = CookingRecipeTests;
			productReference = C827067A2567F716001D5420 /* CookingRecipeTests.xctest */;
			productType = "com.apple.product-type.bundle.unit-test";
		};
		C82706842567F717001D5420 /* CookingRecipeUITests */ = {
			isa = PBXNativeTarget;
			buildConfigurationList = C82706942567F717001D5420 /* Build configuration list for PBXNativeTarget "CookingRecipeUITests" */;
			buildPhases = (
				C82706812567F717001D5420 /* Sources */,
				C82706822567F717001D5420 /* Frameworks */,
				C82706832567F717001D5420 /* Resources */,
			);
			buildRules = (
			);
			dependencies = (
				C82706872567F717001D5420 /* PBXTargetDependency */,
			);
			name = CookingRecipeUITests;
			productName = CookingRecipeUITests;
			productReference = C82706852567F717001D5420 /* CookingRecipeUITests.xctest */;
			productType = "com.apple.product-type.bundle.ui-testing";
		};
/* End PBXNativeTarget section */

/* Begin PBXProject section */
		C82706612567F715001D5420 /* Project object */ = {
			isa = PBXProject;
			attributes = {
				LastSwiftUpdateCheck = 1220;
				LastUpgradeCheck = 1220;
				TargetAttributes = {
					C82706682567F715001D5420 = {
						CreatedOnToolsVersion = 12.2;
					};
					C82706792567F716001D5420 = {
						CreatedOnToolsVersion = 12.2;
						TestTargetID = C82706682567F715001D5420;
					};
					C82706842567F717001D5420 = {
						CreatedOnToolsVersion = 12.2;
						TestTargetID = C82706682567F715001D5420;
					};
				};
			};
			buildConfigurationList = C82706642567F715001D5420 /* Build configuration list for PBXProject "CookingRecipe" */;
			compatibilityVersion = "Xcode 9.3";
			developmentRegion = en;
			hasScannedForEncodings = 0;
			knownRegions = (
				en,
				Base,
			);
			mainGroup = C82706602567F715001D5420;
			productRefGroup = C827066A2567F715001D5420 /* Products */;
			projectDirPath = "";
			projectRoot = "";
			targets = (
				C82706682567F715001D5420 /* CookingRecipe */,
				C82706792567F716001D5420 /* CookingRecipeTests */,
				C82706842567F717001D5420 /* CookingRecipeUITests */,
			);
		};
/* End PBXProject section */

/* Begin PBXResourcesBuildPhase section */
		C82706672567F715001D5420 /* Resources */ = {
			isa = PBXResourcesBuildPhase;
			buildActionMask = 2147483647;
			files = (
				C8648ACA256D376C002EC8F2 /* recipeData.json in Resources */,
				C82706742567F716001D5420 /* Preview Assets.xcassets in Resources */,
				C82706712567F716001D5420 /* Assets.xcassets in Resources */,
			);
			runOnlyForDeploymentPostprocessing = 0;
		};
		C82706782567F716001D5420 /* Resources */ = {
			isa = PBXResourcesBuildPhase;
			buildActionMask = 2147483647;
			files = (
			);
			runOnlyForDeploymentPostprocessing = 0;
		};
		C82706832567F717001D5420 /* Resources */ = {
			isa = PBXResourcesBuildPhase;
			buildActionMask = 2147483647;
			files = (
			);
			runOnlyForDeploymentPostprocessing = 0;
		};
/* End PBXResourcesBuildPhase section */

/* Begin PBXSourcesBuildPhase section */
		C82706652567F715001D5420 /* Sources */ = {
			isa = PBXSourcesBuildPhase;
			buildActionMask = 2147483647;
			files = (
				C849729825709C7D00581BD9 /* SnapCarousel.swift in Sources */,
				C8648ABF256D3582002EC8F2 /* DataRecipe.swift in Sources */,
				C8F0CD03256E18A000695D33 /* Helper.swift in Sources */,
				C8648AB1256B9412002EC8F2 /* DirectionsList.swift in Sources */,
				C827066F2567F715001D5420 /* ContentView.swift in Sources */,
				C8648AC4256D35A9002EC8F2 /* Recipe.swift in Sources */,
				C84972A32570A05400581BD9 /* DirectionsCarousel.swift in Sources */,
				C8648AA6256B91F1002EC8F2 /* RecipeDetail.swift in Sources */,
				C84972A92572886500581BD9 /* UserData.swift in Sources */,
				C827066D2567F715001D5420 /* CookingRecipeApp.swift in Sources */,
			);
			runOnlyForDeploymentPostprocessing = 0;
		};
		C82706762567F716001D5420 /* Sources */ = {
			isa = PBXSourcesBuildPhase;
			buildActionMask = 2147483647;
			files = (
				C827067F2567F716001D5420 /* CookingRecipeTests.swift in Sources */,
			);
			runOnlyForDeploymentPostprocessing = 0;
		};
		C82706812567F717001D5420 /* Sources */ = {
			isa = PBXSourcesBuildPhase;
			buildActionMask = 2147483647;
			files = (
				C827068A2567F717001D5420 /* CookingRecipeUITests.swift in Sources */,
			);
			runOnlyForDeploymentPostprocessing = 0;
		};
/* End PBXSourcesBuildPhase section */

/* Begin PBXTargetDependency section */
		C827067C2567F716001D5420 /* PBXTargetDependency */ = {
			isa = PBXTargetDependency;
			target = C82706682567F715001D5420 /* CookingRecipe */;
			targetProxy = C827067B2567F716001D5420 /* PBXContainerItemProxy */;
		};
		C82706872567F717001D5420 /* PBXTargetDependency */ = {
			isa = PBXTargetDependency;
			target = C82706682567F715001D5420 /* CookingRecipe */;
			targetProxy = C82706862567F717001D5420 /* PBXContainerItemProxy */;
		};
/* End PBXTargetDependency section */

/* Begin XCBuildConfiguration section */
		C827068C2567F717001D5420 /* Debug */ = {
			isa = XCBuildConfiguration;
			buildSettings = {
				ALWAYS_SEARCH_USER_PATHS = NO;
				CLANG_ANALYZER_NONNULL = YES;
				CLANG_ANALYZER_NUMBER_OBJECT_CONVERSION = YES_AGGRESSIVE;
				CLANG_CXX_LANGUAGE_STANDARD = "gnu++14";
				CLANG_CXX_LIBRARY = "libc++";
				CLANG_ENABLE_MODULES = YES;
				CLANG_ENABLE_OBJC_ARC = YES;
				CLANG_ENABLE_OBJC_WEAK = YES;
				CLANG_WARN_BLOCK_CAPTURE_AUTORELEASING = YES;
				CLANG_WARN_BOOL_CONVERSION = YES;
				CLANG_WARN_COMMA = YES;
				CLANG_WARN_CONSTANT_CONVERSION = YES;
				CLANG_WARN_DEPRECATED_OBJC_IMPLEMENTATIONS = YES;
				CLANG_WARN_DIRECT_OBJC_ISA_USAGE = YES_ERROR;
				CLANG_WARN_DOCUMENTATION_COMMENTS = YES;
				CLANG_WARN_EMPTY_BODY = YES;
				CLANG_WARN_ENUM_CONVERSION = YES;
				CLANG_WARN_INFINITE_RECURSION = YES;
				CLANG_WARN_INT_CONVERSION = YES;
				CLANG_WARN_NON_LITERAL_NULL_CONVERSION = YES;
				CLANG_WARN_OBJC_IMPLICIT_RETAIN_SELF = YES;
				CLANG_WARN_OBJC_LITERAL_CONVERSION = YES;
				CLANG_WARN_OBJC_ROOT_CLASS = YES_ERROR;
				CLANG_WARN_QUOTED_INCLUDE_IN_FRAMEWORK_HEADER = YES;
				CLANG_WARN_RANGE_LOOP_ANALYSIS = YES;
				CLANG_WARN_STRICT_PROTOTYPES = YES;
				CLANG_WARN_SUSPICIOUS_MOVE = YES;
				CLANG_WARN_UNGUARDED_AVAILABILITY = YES_AGGRESSIVE;
				CLANG_WARN_UNREACHABLE_CODE = YES;
				CLANG_WARN__DUPLICATE_METHOD_MATCH = YES;
				COPY_PHASE_STRIP = NO;
				DEBUG_INFORMATION_FORMAT = dwarf;
				ENABLE_STRICT_OBJC_MSGSEND = YES;
				ENABLE_TESTABILITY = YES;
				GCC_C_LANGUAGE_STANDARD = gnu11;
				GCC_DYNAMIC_NO_PIC = NO;
				GCC_NO_COMMON_BLOCKS = YES;
				GCC_OPTIMIZATION_LEVEL = 0;
				GCC_PREPROCESSOR_DEFINITIONS = (
					"DEBUG=1",
					"$(inherited)",
				);
				GCC_WARN_64_TO_32_BIT_CONVERSION = YES;
				GCC_WARN_ABOUT_RETURN_TYPE = YES_ERROR;
				GCC_WARN_UNDECLARED_SELECTOR = YES;
				GCC_WARN_UNINITIALIZED_AUTOS = YES_AGGRESSIVE;
				GCC_WARN_UNUSED_FUNCTION = YES;
				GCC_WARN_UNUSED_VARIABLE = YES;
				IPHONEOS_DEPLOYMENT_TARGET = 14.2;
				MTL_ENABLE_DEBUG_INFO = INCLUDE_SOURCE;
				MTL_FAST_MATH = YES;
				ONLY_ACTIVE_ARCH = YES;
				SDKROOT = iphoneos;
				SWIFT_ACTIVE_COMPILATION_CONDITIONS = DEBUG;
				SWIFT_OPTIMIZATION_LEVEL = "-Onone";
			};
			name = Debug;
		};
		C827068D2567F717001D5420 /* Release */ = {
			isa = XCBuildConfiguration;
			buildSettings = {
				ALWAYS_SEARCH_USER_PATHS = NO;
				CLANG_ANALYZER_NONNULL = YES;
				CLANG_ANALYZER_NUMBER_OBJECT_CONVERSION = YES_AGGRESSIVE;
				CLANG_CXX_LANGUAGE_STANDARD = "gnu++14";
				CLANG_CXX_LIBRARY = "libc++";
				CLANG_ENABLE_MODULES = YES;
				CLANG_ENABLE_OBJC_ARC = YES;
				CLANG_ENABLE_OBJC_WEAK = YES;
				CLANG_WARN_BLOCK_CAPTURE_AUTORELEASING = YES;
				CLANG_WARN_BOOL_CONVERSION = YES;
				CLANG_WARN_COMMA = YES;
				CLANG_WARN_CONSTANT_CONVERSION = YES;
				CLANG_WARN_DEPRECATED_OBJC_IMPLEMENTATIONS = YES;
				CLANG_WARN_DIRECT_OBJC_ISA_USAGE = YES_ERROR;
				CLANG_WARN_DOCUMENTATION_COMMENTS = YES;
				CLANG_WARN_EMPTY_BODY = YES;
				CLANG_WARN_ENUM_CONVERSION = YES;
				CLANG_WARN_INFINITE_RECURSION = YES;
				CLANG_WARN_INT_CONVERSION = YES;
				CLANG_WARN_NON_LITERAL_NULL_CONVERSION = YES;
				CLANG_WARN_OBJC_IMPLICIT_RETAIN_SELF = YES;
				CLANG_WARN_OBJC_LITERAL_CONVERSION = YES;
				CLANG_WARN_OBJC_ROOT_CLASS = YES_ERROR;
				CLANG_WARN_QUOTED_INCLUDE_IN_FRAMEWORK_HEADER = YES;
				CLANG_WARN_RANGE_LOOP_ANALYSIS = YES;
				CLANG_WARN_STRICT_PROTOTYPES = YES;
				CLANG_WARN_SUSPICIOUS_MOVE = YES;
				CLANG_WARN_UNGUARDED_AVAILABILITY = YES_AGGRESSIVE;
				CLANG_WARN_UNREACHABLE_CODE = YES;
				CLANG_WARN__DUPLICATE_METHOD_MATCH = YES;
				COPY_PHASE_STRIP = NO;
				DEBUG_INFORMATION_FORMAT = "dwarf-with-dsym";
				ENABLE_NS_ASSERTIONS = NO;
				ENABLE_STRICT_OBJC_MSGSEND = YES;
				GCC_C_LANGUAGE_STANDARD = gnu11;
				GCC_NO_COMMON_BLOCKS = YES;
				GCC_WARN_64_TO_32_BIT_CONVERSION = YES;
				GCC_WARN_ABOUT_RETURN_TYPE = YES_ERROR;
				GCC_WARN_UNDECLARED_SELECTOR = YES;
				GCC_WARN_UNINITIALIZED_AUTOS = YES_AGGRESSIVE;
				GCC_WARN_UNUSED_FUNCTION = YES;
				GCC_WARN_UNUSED_VARIABLE = YES;
				IPHONEOS_DEPLOYMENT_TARGET = 14.2;
				MTL_ENABLE_DEBUG_INFO = NO;
				MTL_FAST_MATH = YES;
				SDKROOT = iphoneos;
				SWIFT_COMPILATION_MODE = wholemodule;
				SWIFT_OPTIMIZATION_LEVEL = "-O";
				VALIDATE_PRODUCT = YES;
			};
			name = Release;
		};
		C827068F2567F717001D5420 /* Debug */ = {
			isa = XCBuildConfiguration;
			buildSettings = {
				ASSETCATALOG_COMPILER_APPICON_NAME = AppIcon;
				ASSETCATALOG_COMPILER_GLOBAL_ACCENT_COLOR_NAME = AccentColor;
				CODE_SIGN_STYLE = Automatic;
				DEVELOPMENT_ASSET_PATHS = "\"CookingRecipe/Preview Content\"";
				ENABLE_PREVIEWS = YES;
				INFOPLIST_FILE = CookingRecipe/Info.plist;
				IPHONEOS_DEPLOYMENT_TARGET = 14.0;
				LD_RUNPATH_SEARCH_PATHS = (
					"$(inherited)",
					"@executable_path/Frameworks",
				);
				PRODUCT_BUNDLE_IDENTIFIER = com.rmit.CookingRecipe;
				PRODUCT_NAME = "$(TARGET_NAME)";
				SWIFT_VERSION = 5.0;
				TARGETED_DEVICE_FAMILY = "1,2";
			};
			name = Debug;
		};
		C82706902567F717001D5420 /* Release */ = {
			isa = XCBuildConfiguration;
			buildSettings = {
				ASSETCATALOG_COMPILER_APPICON_NAME = AppIcon;
				ASSETCATALOG_COMPILER_GLOBAL_ACCENT_COLOR_NAME = AccentColor;
				CODE_SIGN_STYLE = Automatic;
				DEVELOPMENT_ASSET_PATHS = "\"CookingRecipe/Preview Content\"";
				ENABLE_PREVIEWS = YES;
				INFOPLIST_FILE = CookingRecipe/Info.plist;
				IPHONEOS_DEPLOYMENT_TARGET = 14.0;
				LD_RUNPATH_SEARCH_PATHS = (
					"$(inherited)",
					"@executable_path/Frameworks",
				);
				PRODUCT_BUNDLE_IDENTIFIER = com.rmit.CookingRecipe;
				PRODUCT_NAME = "$(TARGET_NAME)";
				SWIFT_VERSION = 5.0;
				TARGETED_DEVICE_FAMILY = "1,2";
			};
			name = Release;
		};
		C82706922567F717001D5420 /* Debug */ = {
			isa = XCBuildConfiguration;
			buildSettings = {
				ALWAYS_EMBED_SWIFT_STANDARD_LIBRARIES = YES;
				BUNDLE_LOADER = "$(TEST_HOST)";
				CODE_SIGN_STYLE = Automatic;
				INFOPLIST_FILE = CookingRecipeTests/Info.plist;
				IPHONEOS_DEPLOYMENT_TARGET = 14.0;
				LD_RUNPATH_SEARCH_PATHS = (
					"$(inherited)",
					"@executable_path/Frameworks",
					"@loader_path/Frameworks",
				);
				PRODUCT_BUNDLE_IDENTIFIER = com.rmit.CookingRecipeTests;
				PRODUCT_NAME = "$(TARGET_NAME)";
				SWIFT_VERSION = 5.0;
				TARGETED_DEVICE_FAMILY = "1,2";
				TEST_HOST = "$(BUILT_PRODUCTS_DIR)/CookingRecipe.app/CookingRecipe";
			};
			name = Debug;
		};
		C82706932567F717001D5420 /* Release */ = {
			isa = XCBuildConfiguration;
			buildSettings = {
				ALWAYS_EMBED_SWIFT_STANDARD_LIBRARIES = YES;
				BUNDLE_LOADER = "$(TEST_HOST)";
				CODE_SIGN_STYLE = Automatic;
				INFOPLIST_FILE = CookingRecipeTests/Info.plist;
				IPHONEOS_DEPLOYMENT_TARGET = 14.0;
				LD_RUNPATH_SEARCH_PATHS = (
					"$(inherited)",
					"@executable_path/Frameworks",
					"@loader_path/Frameworks",
				);
				PRODUCT_BUNDLE_IDENTIFIER = com.rmit.CookingRecipeTests;
				PRODUCT_NAME = "$(TARGET_NAME)";
				SWIFT_VERSION = 5.0;
				TARGETED_DEVICE_FAMILY = "1,2";
				TEST_HOST = "$(BUILT_PRODUCTS_DIR)/CookingRecipe.app/CookingRecipe";
			};
			name = Release;
		};
		C82706952567F717001D5420 /* Debug */ = {
			isa = XCBuildConfiguration;
			buildSettings = {
				ALWAYS_EMBED_SWIFT_STANDARD_LIBRARIES = YES;
				CODE_SIGN_STYLE = Automatic;
				INFOPLIST_FILE = CookingRecipeUITests/Info.plist;
				LD_RUNPATH_SEARCH_PATHS = (
					"$(inherited)",
					"@executable_path/Frameworks",
					"@loader_path/Frameworks",
				);
				PRODUCT_BUNDLE_IDENTIFIER = com.rmit.CookingRecipeUITests;
				PRODUCT_NAME = "$(TARGET_NAME)";
				SWIFT_VERSION = 5.0;
				TARGETED_DEVICE_FAMILY = "1,2";
				TEST_TARGET_NAME = CookingRecipe;
			};
			name = Debug;
		};
		C82706962567F717001D5420 /* Release */ = {
			isa = XCBuildConfiguration;
			buildSettings = {
				ALWAYS_EMBED_SWIFT_STANDARD_LIBRARIES = YES;
				CODE_SIGN_STYLE = Automatic;
				INFOPLIST_FILE = CookingRecipeUITests/Info.plist;
				LD_RUNPATH_SEARCH_PATHS = (
					"$(inherited)",
					"@executable_path/Frameworks",
					"@loader_path/Frameworks",
				);
				PRODUCT_BUNDLE_IDENTIFIER = com.rmit.CookingRecipeUITests;
				PRODUCT_NAME = "$(TARGET_NAME)";
				SWIFT_VERSION = 5.0;
				TARGETED_DEVICE_FAMILY = "1,2";
				TEST_TARGET_NAME = CookingRecipe;
			};
			name = Release;
		};
/* End XCBuildConfiguration section */

/* Begin XCConfigurationList section */
		C82706642567F715001D5420 /* Build configuration list for PBXProject "CookingRecipe" */ = {
			isa = XCConfigurationList;
			buildConfigurations = (
				C827068C2567F717001D5420 /* Debug */,
				C827068D2567F717001D5420 /* Release */,
			);
			defaultConfigurationIsVisible = 0;
			defaultConfigurationName = Release;
		};
		C827068E2567F717001D5420 /* Build configuration list for PBXNativeTarget "CookingRecipe" */ = {
			isa = XCConfigurationList;
			buildConfigurations = (
				C827068F2567F717001D5420 /* Debug */,
				C82706902567F717001D5420 /* Release */,
			);
			defaultConfigurationIsVisible = 0;
			defaultConfigurationName = Release;
		};
		C82706912567F717001D5420 /* Build configuration list for PBXNativeTarget "CookingRecipeTests" */ = {
			isa = XCConfigurationList;
			buildConfigurations = (
				C82706922567F717001D5420 /* Debug */,
				C82706932567F717001D5420 /* Release */,
			);
			defaultConfigurationIsVisible = 0;
			defaultConfigurationName = Release;
		};
		C82706942567F717001D5420 /* Build configuration list for PBXNativeTarget "CookingRecipeUITests" */ = {
			isa = XCConfigurationList;
			buildConfigurations = (
				C82706952567F717001D5420 /* Debug */,
				C82706962567F717001D5420 /* Release */,
			);
			defaultConfigurationIsVisible = 0;
			defaultConfigurationName = Release;
		};
/* End XCConfigurationList section */
	};
	rootObject = C82706612567F715001D5420 /* Project object */;
}
